// !$*UTF8*$!
{
	archiveVersion = 1;
	classes = {
	};
	objectVersion = 46;
	objects = {

/* Begin PBXBuildFile section */
		84A970301BE3877900C4C909 /* AppDelegate.swift in Sources */ = {isa = PBXBuildFile; fileRef = 84A9702F1BE3877900C4C909 /* AppDelegate.swift */; };
		84A970351BE3877900C4C909 /* Main.storyboard in Resources */ = {isa = PBXBuildFile; fileRef = 84A970331BE3877900C4C909 /* Main.storyboard */; };
		84A970371BE3877900C4C909 /* Assets.xcassets in Resources */ = {isa = PBXBuildFile; fileRef = 84A970361BE3877900C4C909 /* Assets.xcassets */; };
		84A9703A1BE3877900C4C909 /* LaunchScreen.storyboard in Resources */ = {isa = PBXBuildFile; fileRef = 84A970381BE3877900C4C909 /* LaunchScreen.storyboard */; };
		84A970451BE3877900C4C909 /* testForSeatchControllerTests.swift in Sources */ = {isa = PBXBuildFile; fileRef = 84A970441BE3877900C4C909 /* testForSeatchControllerTests.swift */; };
		84A970501BE3877900C4C909 /* testForSeatchControllerUITests.swift in Sources */ = {isa = PBXBuildFile; fileRef = 84A9704F1BE3877900C4C909 /* testForSeatchControllerUITests.swift */; };
		84A9705E1BE3881C00C4C909 /* searchTableViewController.swift in Sources */ = {isa = PBXBuildFile; fileRef = 84A9705D1BE3881C00C4C909 /* searchTableViewController.swift */; };
/* End PBXBuildFile section */

/* Begin PBXContainerItemProxy section */
		84A970411BE3877900C4C909 /* PBXContainerItemProxy */ = {
			isa = PBXContainerItemProxy;
			containerPortal = 84A970241BE3877900C4C909 /* Project object */;
			proxyType = 1;
			remoteGlobalIDString = 84A9702B1BE3877900C4C909;
			remoteInfo = testForSeatchController;
		};
		84A9704C1BE3877900C4C909 /* PBXContainerItemProxy */ = {
			isa = PBXContainerItemProxy;
			containerPortal = 84A970241BE3877900C4C909 /* Project object */;
			proxyType = 1;
			remoteGlobalIDString = 84A9702B1BE3877900C4C909;
			remoteInfo = testForSeatchController;
		};
/* End PBXContainerItemProxy section */

/* Begin PBXFileReference section */
		84A9702C1BE3877900C4C909 /* testForSeatchController.app */ = {isa = PBXFileReference; explicitFileType = wrapper.application; includeInIndex = 0; path = testForSeatchController.app; sourceTree = BUILT_PRODUCTS_DIR; };
		84A9702F1BE3877900C4C909 /* AppDelegate.swift */ = {isa = PBXFileReference; lastKnownFileType = sourcecode.swift; path = AppDelegate.swift; sourceTree = "<group>"; };
		84A970341BE3877900C4C909 /* Base */ = {isa = PBXFileReference; lastKnownFileType = file.storyboard; name = Base; path = Base.lproj/Main.storyboard; sourceTree = "<group>"; };
		84A970361BE3877900C4C909 /* Assets.xcassets */ = {isa = PBXFileReference; lastKnownFileType = folder.assetcatalog; path = Assets.xcassets; sourceTree = "<group>"; };
		84A970391BE3877900C4C909 /* Base */ = {isa = PBXFileReference; lastKnownFileType = file.storyboard; name = Base; path = Base.lproj/LaunchScreen.storyboard; sourceTree = "<group>"; };
		84A9703B1BE3877900C4C909 /* Info.plist */ = {isa = PBXFileReference; lastKnownFileType = text.plist.xml; path = Info.plist; sourceTree = "<group>"; };
		84A970401BE3877900C4C909 /* testForSeatchControllerTests.xctest */ = {isa = PBXFileReference; explicitFileType = wrapper.cfbundle; includeInIndex = 0; path = testForSeatchControllerTests.xctest; sourceTree = BUILT_PRODUCTS_DIR; };
		84A970441BE3877900C4C909 /* testForSeatchControllerTests.swift */ = {isa = PBXFileReference; lastKnownFileType = sourcecode.swift; path = testForSeatchControllerTests.swift; sourceTree = "<group>"; };
		84A970461BE3877900C4C909 /* Info.plist */ = {isa = PBXFileReference; lastKnownFileType = text.plist.xml; path = Info.plist; sourceTree = "<group>"; };
		84A9704B1BE3877900C4C909 /* testForSeatchControllerUITests.xctest */ = {isa = PBXFileReference; explicitFileType = wrapper.cfbundle; includeInIndex = 0; path = testForSeatchControllerUITests.xctest; sourceTree = BUILT_PRODUCTS_DIR; };
		84A9704F1BE3877900C4C909 /* testForSeatchControllerUITests.swift */ = {isa = PBXFileReference; lastKnownFileType = sourcecode.swift; path = testForSeatchControllerUITests.swift; sourceTree = "<group>"; };
		84A970511BE3877900C4C909 /* Info.plist */ = {isa = PBXFileReference; lastKnownFileType = text.plist.xml; path = Info.plist; sourceTree = "<group>"; };
		84A9705D1BE3881C00C4C909 /* searchTableViewController.swift */ = {isa = PBXFileReference; fileEncoding = 4; lastKnownFileType = sourcecode.swift; path = searchTableViewController.swift; sourceTree = "<group>"; };
/* End PBXFileReference section */

/* Begin PBXFrameworksBuildPhase section */
		84A970291BE3877900C4C909 /* Frameworks */ = {
			isa = PBXFrameworksBuildPhase;
			buildActionMask = 2147483647;
			files = (
			);
			runOnlyForDeploymentPostprocessing = 0;
		};
		84A9703D1BE3877900C4C909 /* Frameworks */ = {
			isa = PBXFrameworksBuildPhase;
			buildActionMask = 2147483647;
			files = (
			);
			runOnlyForDeploymentPostprocessing = 0;
		};
		84A970481BE3877900C4C909 /* Frameworks */ = {
			isa = PBXFrameworksBuildPhase;
			buildActionMask = 2147483647;
			files = (
			);
			runOnlyForDeploymentPostprocessing = 0;
		};
/* End PBXFrameworksBuildPhase section */

/* Begin PBXGroup section */
		84A970231BE3877900C4C909 = {
			isa = PBXGroup;
			children = (
				84A9702E1BE3877900C4C909 /* testForSeatchController */,
				84A970431BE3877900C4C909 /* testForSeatchControllerTests */,
				84A9704E1BE3877900C4C909 /* testForSeatchControllerUITests */,
				84A9702D1BE3877900C4C909 /* Products */,
			);
			sourceTree = "<group>";
		};
		84A9702D1BE3877900C4C909 /* Products */ = {
			isa = PBXGroup;
			children = (
				84A9702C1BE3877900C4C909 /* testForSeatchController.app */,
				84A970401BE3877900C4C909 /* testForSeatchControllerTests.xctest */,
				84A9704B1BE3877900C4C909 /* testForSeatchControllerUITests.xctest */,
			);
			name = Products;
			sourceTree = "<group>";
		};
		84A9702E1BE3877900C4C909 /* testForSeatchController */ = {
			isa = PBXGroup;
			children = (
				84A9705D1BE3881C00C4C909 /* searchTableViewController.swift */,
				84A9702F1BE3877900C4C909 /* AppDelegate.swift */,
				84A970331BE3877900C4C909 /* Main.storyboard */,
				84A970361BE3877900C4C909 /* Assets.xcassets */,
				84A970381BE3877900C4C909 /* LaunchScreen.storyboard */,
				84A9703B1BE3877900C4C909 /* Info.plist */,
			);
			path = testForSeatchController;
			sourceTree = "<group>";
		};
		84A970431BE3877900C4C909 /* testForSeatchControllerTests */ = {
			isa = PBXGroup;
			children = (
				84A970441BE3877900C4C909 /* testForSeatchControllerTests.swift */,
				84A970461BE3877900C4C909 /* Info.plist */,
			);
			path = testForSeatchControllerTests;
			sourceTree = "<group>";
		};
		84A9704E1BE3877900C4C909 /* testForSeatchControllerUITests */ = {
			isa = PBXGroup;
			children = (
				84A9704F1BE3877900C4C909 /* testForSeatchControllerUITests.swift */,
				84A970511BE3877900C4C909 /* Info.plist */,
			);
			path = testForSeatchControllerUITests;
			sourceTree = "<group>";
		};
/* End PBXGroup section */

/* Begin PBXNativeTarget section */
		84A9702B1BE3877900C4C909 /* testForSeatchController */ = {
			isa = PBXNativeTarget;
			buildConfigurationList = 84A970541BE3877900C4C909 /* Build configuration list for PBXNativeTarget "testForSeatchController" */;
			buildPhases = (
				84A970281BE3877900C4C909 /* Sources */,
				84A970291BE3877900C4C909 /* Frameworks */,
				84A9702A1BE3877900C4C909 /* Resources */,
			);
			buildRules = (
			);
			dependencies = (
			);
			name = testForSeatchController;
			productName = testForSeatchController;
			productReference = 84A9702C1BE3877900C4C909 /* testForSeatchController.app */;
			productType = "com.apple.product-type.application";
		};
		84A9703F1BE3877900C4C909 /* testForSeatchControllerTests */ = {
			isa = PBXNativeTarget;
			buildConfigurationList = 84A970571BE3877900C4C909 /* Build configuration list for PBXNativeTarget "testForSeatchControllerTests" */;
			buildPhases = (
				84A9703C1BE3877900C4C909 /* Sources */,
				84A9703D1BE3877900C4C909 /* Frameworks */,
				84A9703E1BE3877900C4C909 /* Resources */,
			);
			buildRules = (
			);
			dependencies = (
				84A970421BE3877900C4C909 /* PBXTargetDependency */,
			);
			name = testForSeatchControllerTests;
			productName = testForSeatchControllerTests;
			productReference = 84A970401BE3877900C4C909 /* testForSeatchControllerTests.xctest */;
			productType = "com.apple.product-type.bundle.unit-test";
		};
		84A9704A1BE3877900C4C909 /* testForSeatchControllerUITests */ = {
			isa = PBXNativeTarget;
			buildConfigurationList = 84A9705A1BE3877900C4C909 /* Build configuration list for PBXNativeTarget "testForSeatchControllerUITests" */;
			buildPhases = (
				84A970471BE3877900C4C909 /* Sources */,
				84A970481BE3877900C4C909 /* Frameworks */,
				84A970491BE3877900C4C909 /* Resources */,
			);
			buildRules = (
			);
			dependencies = (
				84A9704D1BE3877900C4C909 /* PBXTargetDependency */,
			);
			name = testForSeatchControllerUITests;
			productName = testForSeatchControllerUITests;
			productReference = 84A9704B1BE3877900C4C909 /* testForSeatchControllerUITests.xctest */;
			productType = "com.apple.product-type.bundle.ui-testing";
		};
/* End PBXNativeTarget section */

/* Begin PBXProject section */
		84A970241BE3877900C4C909 /* Project object */ = {
			isa = PBXProject;
			attributes = {
				LastSwiftUpdateCheck = 0710;
				LastUpgradeCheck = 0710;
				ORGANIZATIONNAME = admin;
				TargetAttributes = {
					84A9702B1BE3877900C4C909 = {
						CreatedOnToolsVersion = 7.1;
					};
					84A9703F1BE3877900C4C909 = {
						CreatedOnToolsVersion = 7.1;
						TestTargetID = 84A9702B1BE3877900C4C909;
					};
					84A9704A1BE3877900C4C909 = {
						CreatedOnToolsVersion = 7.1;
						TestTargetID = 84A9702B1BE3877900C4C909;
					};
				};
			};
			buildConfigurationList = 84A970271BE3877900C4C909 /* Build configuration list for PBXProject "testForSeatchController" */;
			compatibilityVersion = "Xcode 3.2";
			developmentRegion = English;
			hasScannedForEncodings = 0;
			knownRegions = (
				en,
				Base,
			);
			mainGroup = 84A970231BE3877900C4C909;
			productRefGroup = 84A9702D1BE3877900C4C909 /* Products */;
			projectDirPath = "";
			projectRoot = "";
			targets = (
				84A9702B1BE3877900C4C909 /* testForSeatchController */,
				84A9703F1BE3877900C4C909 /* testForSeatchControllerTests */,
				84A9704A1BE3877900C4C909 /* testForSeatchControllerUITests */,
			);
		};
/* End PBXProject section */

/* Begin PBXResourcesBuildPhase section */
		84A9702A1BE3877900C4C909 /* Resources */ = {
			isa = PBXResourcesBuildPhase;
			buildActionMask = 2147483647;
			files = (
				84A9703A1BE3877900C4C909 /* LaunchScreen.storyboard in Resources */,
				84A970371BE3877900C4C909 /* Assets.xcassets in Resources */,
				84A970351BE3877900C4C909 /* Main.storyboard in Resources */,
			);
			runOnlyForDeploymentPostprocessing = 0;
		};
		84A9703E1BE3877900C4C909 /* Resources */ = {
			isa = PBXResourcesBuildPhase;
			buildActionMask = 2147483647;
			files = (
			);
			runOnlyForDeploymentPostprocessing = 0;
		};
		84A970491BE3877900C4C909 /* Resources */ = {
			isa = PBXResourcesBuildPhase;
			buildActionMask = 2147483647;
			files = (
			);
			runOnlyForDeploymentPostprocessing = 0;
		};
/* End PBXResourcesBuildPhase section */

/* Begin PBXSourcesBuildPhase section */
		84A970281BE3877900C4C909 /* Sources */ = {
			isa = PBXSourcesBuildPhase;
			buildActionMask = 2147483647;
			files = (
				84A9705E1BE3881C00C4C909 /* searchTableViewController.swift in Sources */,
				84A970301BE3877900C4C909 /* AppDelegate.swift in Sources */,
			);
			runOnlyForDeploymentPostprocessing = 0;
		};
		84A9703C1BE3877900C4C909 /* Sources */ = {
			isa = PBXSourcesBuildPhase;
			buildActionMask = 2147483647;
			files = (
				84A970451BE3877900C4C909 /* testForSeatchControllerTests.swift in Sources */,
			);
			runOnlyForDeploymentPostprocessing = 0;
		};
		84A970471BE3877900C4C909 /* Sources */ = {
			isa = PBXSourcesBuildPhase;
			buildActionMask = 2147483647;
			files = (
				84A970501BE3877900C4C909 /* testForSeatchControllerUITests.swift in Sources */,
			);
			runOnlyForDeploymentPostprocessing = 0;
		};
/* End PBXSourcesBuildPhase section */

/* Begin PBXTargetDependency section */
		84A970421BE3877900C4C909 /* PBXTargetDependency */ = {
			isa = PBXTargetDependency;
			target = 84A9702B1BE3877900C4C909 /* testForSeatchController */;
			targetProxy = 84A970411BE3877900C4C909 /* PBXContainerItemProxy */;
		};
		84A9704D1BE3877900C4C909 /* PBXTargetDependency */ = {
			isa = PBXTargetDependency;
			target = 84A9702B1BE3877900C4C909 /* testForSeatchController */;
			targetProxy = 84A9704C1BE3877900C4C909 /* PBXContainerItemProxy */;
		};
/* End PBXTargetDependency section */

/* Begin PBXVariantGroup section */
		84A970331BE3877900C4C909 /* Main.storyboard */ = {
			isa = PBXVariantGroup;
			children = (
				84A970341BE3877900C4C909 /* Base */,
			);
			name = Main.storyboard;
			sourceTree = "<group>";
		};
		84A970381BE3877900C4C909 /* LaunchScreen.storyboard */ = {
			isa = PBXVariantGroup;
			children = (
				84A970391BE3877900C4C909 /* Base */,
			);
			name = LaunchScreen.storyboard;
			sourceTree = "<group>";
		};
/* End PBXVariantGroup section */

/* Begin XCBuildConfiguration section */
		84A970521BE3877900C4C909 /* Debug */ = {
			isa = XCBuildConfiguration;
			buildSettings = {
				ALWAYS_SEARCH_USER_PATHS = NO;
				CLANG_CXX_LANGUAGE_STANDARD = "gnu++0x";
				CLANG_CXX_LIBRARY = "libc++";
				CLANG_ENABLE_MODULES = YES;
				CLANG_ENABLE_OBJC_ARC = YES;
				CLANG_WARN_BOOL_CONVERSION = YES;
				CLANG_WARN_CONSTANT_CONVERSION = YES;
				CLANG_WARN_DIRECT_OBJC_ISA_USAGE = YES_ERROR;
				CLANG_WARN_EMPTY_BODY = YES;
				CLANG_WARN_ENUM_CONVERSION = YES;
				CLANG_WARN_INT_CONVERSION = YES;
				CLANG_WARN_OBJC_ROOT_CLASS = YES_ERROR;
				CLANG_WARN_UNREACHABLE_CODE = YES;
				CLANG_WARN__DUPLICATE_METHOD_MATCH = YES;
				"CODE_SIGN_IDENTITY[sdk=iphoneos*]" = "iPhone Developer";
				COPY_PHASE_STRIP = NO;
				DEBUG_INFORMATION_FORMAT = dwarf;
				ENABLE_STRICT_OBJC_MSGSEND = YES;
				ENABLE_TESTABILITY = YES;
				GCC_C_LANGUAGE_STANDARD = gnu99;
				GCC_DYNAMIC_NO_PIC = NO;
				GCC_NO_COMMON_BLOCKS = YES;
				GCC_OPTIMIZATION_LEVEL = 0;
				GCC_PREPROCESSOR_DEFINITIONS = (
					"DEBUG=1",
					"$(inherited)",
				);
				GCC_WARN_64_TO_32_BIT_CONVERSION = YES;
				GCC_WARN_ABOUT_RETURN_TYPE = YES_ERROR;
				GCC_WARN_UNDECLARED_SELECTOR = YES;
				GCC_WARN_UNINITIALIZED_AUTOS = YES_AGGRESSIVE;
				GCC_WARN_UNUSED_FUNCTION = YES;
				GCC_WARN_UNUSED_VARIABLE = YES;
				IPHONEOS_DEPLOYMENT_TARGET = 9.1;
				MTL_ENABLE_DEBUG_INFO = YES;
				ONLY_ACTIVE_ARCH = YES;
				SDKROOT = iphoneos;
				SWIFT_OPTIMIZATION_LEVEL = "-Onone";
				TARGETED_DEVICE_FAMILY = "1,2";
			};
			name = Debug;
		};
		84A970531BE3877900C4C909 /* Release */ = {
			isa = XCBuildConfiguration;
			buildSettings = {
				ALWAYS_SEARCH_USER_PATHS = NO;
				CLANG_CXX_LANGUAGE_STANDARD = "gnu++0x";
				CLANG_CXX_LIBRARY = "libc++";
				CLANG_ENABLE_MODULES = YES;
				CLANG_ENABLE_OBJC_ARC = YES;
				CLANG_WARN_BOOL_CONVERSION = YES;
				CLANG_WARN_CONSTANT_CONVERSION = YES;
				CLANG_WARN_DIRECT_OBJC_ISA_USAGE = YES_ERROR;
				CLANG_WARN_EMPTY_BODY = YES;
				CLANG_WARN_ENUM_CONVERSION = YES;
				CLANG_WARN_INT_CONVERSION = YES;
				CLANG_WARN_OBJC_ROOT_CLASS = YES_ERROR;
				CLANG_WARN_UNREACHABLE_CODE = YES;
				CLANG_WARN__DUPLICATE_METHOD_MATCH = YES;
				"CODE_SIGN_IDENTITY[sdk=iphoneos*]" = "iPhone Developer";
				COPY_PHASE_STRIP = NO;
				DEBUG_INFORMATION_FORMAT = "dwarf-with-dsym";
				ENABLE_NS_ASSERTIONS = NO;
				ENABLE_STRICT_OBJC_MSGSEND = YES;
				GCC_C_LANGUAGE_STANDARD = gnu99;
				GCC_NO_COMMON_BLOCKS = YES;
				GCC_WARN_64_TO_32_BIT_CONVERSION = YES;
				GCC_WARN_ABOUT_RETURN_TYPE = YES_ERROR;
				GCC_WARN_UNDECLARED_SELECTOR = YES;
				GCC_WARN_UNINITIALIZED_AUTOS = YES_AGGRESSIVE;
				GCC_WARN_UNUSED_FUNCTION = YES;
				GCC_WARN_UNUSED_VARIABLE = YES;
				IPHONEOS_DEPLOYMENT_TARGET = 9.1;
				MTL_ENABLE_DEBUG_INFO = NO;
				SDKROOT = iphoneos;
				TARGETED_DEVICE_FAMILY = "1,2";
				VALIDATE_PRODUCT = YES;
			};
			name = Release;
		};
		84A970551BE3877900C4C909 /* Debug */ = {
			isa = XCBuildConfiguration;
			buildSettings = {
				ASSETCATALOG_COMPILER_APPICON_NAME = AppIcon;
				INFOPLIST_FILE = testForSeatchController/Info.plist;
				LD_RUNPATH_SEARCH_PATHS = "$(inherited) @executable_path/Frameworks";
				PRODUCT_BUNDLE_IDENTIFIER = xida.com.testForSeatchController;
				PRODUCT_NAME = "$(TARGET_NAME)";
			};
			name = Debug;
		};
		84A970561BE3877900C4C909 /* Release */ = {
			isa = XCBuildConfiguration;
			buildSettings = {
				ASSETCATALOG_COMPILER_APPICON_NAME = AppIcon;
				INFOPLIST_FILE = testForSeatchController/Info.plist;
				LD_RUNPATH_SEARCH_PATHS = "$(inherited) @executable_path/Frameworks";
				PRODUCT_BUNDLE_IDENTIFIER = xida.com.testForSeatchController;
				PRODUCT_NAME = "$(TARGET_NAME)";
			};
			name = Release;
		};
		84A970581BE3877900C4C909 /* Debug */ = {
			isa = XCBuildConfiguration;
			buildSettings = {
				BUNDLE_LOADER = "$(TEST_HOST)";
				INFOPLIST_FILE = testForSeatchControllerTests/Info.plist;
				LD_RUNPATH_SEARCH_PATHS = "$(inherited) @executable_path/Frameworks @loader_path/Frameworks";
				PRODUCT_BUNDLE_IDENTIFIER = xida.com.testForSeatchControllerTests;
				PRODUCT_NAME = "$(TARGET_NAME)";
				TEST_HOST = "$(BUILT_PRODUCTS_DIR)/testForSeatchController.app/testForSeatchController";
			};
			name = Debug;
		};
		84A970591BE3877900C4C909 /* Release */ = {
			isa = XCBuildConfiguration;
			buildSettings = {
				BUNDLE_LOADER = "$(TEST_HOST)";
				INFOPLIST_FILE = testForSeatchControllerTests/Info.plist;
				LD_RUNPATH_SEARCH_PATHS = "$(inherited) @executable_path/Frameworks @loader_path/Frameworks";
				PRODUCT_BUNDLE_IDENTIFIER = xida.com.testForSeatchControllerTests;
				PRODUCT_NAME = "$(TARGET_NAME)";
				TEST_HOST = "$(BUILT_PRODUCTS_DIR)/testForSeatchController.app/testForSeatchController";
			};
			name = Release;
		};
		84A9705B1BE3877900C4C909 /* Debug */ = {
			isa = XCBuildConfiguration;
			buildSettings = {
				INFOPLIST_FILE = testForSeatchControllerUITests/Info.plist;
				LD_RUNPATH_SEARCH_PATHS = "$(inherited) @executable_path/Frameworks @loader_path/Frameworks";
				PRODUCT_BUNDLE_IDENTIFIER = xida.com.testForSeatchControllerUITests;
				PRODUCT_NAME = "$(TARGET_NAME)";
				TEST_TARGET_NAME = testForSeatchController;
				USES_XCTRUNNER = YES;
			};
			name = Debug;
		};
		84A9705C1BE3877900C4C909 /* Release */ = {
			isa = XCBuildConfiguration;
			buildSettings = {
				INFOPLIST_FILE = testForSeatchControllerUITests/Info.plist;
				LD_RUNPATH_SEARCH_PATHS = "$(inherited) @executable_path/Frameworks @loader_path/Frameworks";
				PRODUCT_BUNDLE_IDENTIFIER = xida.com.testForSeatchControllerUITests;
				PRODUCT_NAME = "$(TARGET_NAME)";
				TEST_TARGET_NAME = testForSeatchController;
				USES_XCTRUNNER = YES;
			};
			name = Release;
		};
/* End XCBuildConfiguration section */

/* Begin XCConfigurationList section */
		84A970271BE3877900C4C909 /* Build configuration list for PBXProject "testForSeatchController" */ = {
			isa = XCConfigurationList;
			buildConfigurations = (
				84A970521BE3877900C4C909 /* Debug */,
				84A970531BE3877900C4C909 /* Release */,
			);
			defaultConfigurationIsVisible = 0;
			defaultConfigurationName = Release;
		};
		84A970541BE3877900C4C909 /* Build configuration list for PBXNativeTarget "testForSeatchController" */ = {
			isa = XCConfigurationList;
			buildConfigurations = (
				84A970551BE3877900C4C909 /* Debug */,
				84A970561BE3877900C4C909 /* Release */,
			);
			defaultConfigurationIsVisible = 0;
		};
		84A970571BE3877900C4C909 /* Build configuration list for PBXNativeTarget "testForSeatchControllerTests" */ = {
			isa = XCConfigurationList;
			buildConfigurations = (
				84A970581BE3877900C4C909 /* Debug */,
				84A970591BE3877900C4C909 /* Release */,
			);
			defaultConfigurationIsVisible = 0;
		};
		84A9705A1BE3877900C4C909 /* Build configuration list for PBXNativeTarget "testForSeatchControllerUITests" */ = {
			isa = XCConfigurationList;
			buildConfigurations = (
				84A9705B1BE3877900C4C909 /* Debug */,
				84A9705C1BE3877900C4C909 /* Release */,
			);
			defaultConfigurationIsVisible = 0;
		};
/* End XCConfigurationList section */
	};
	rootObject = 84A970241BE3877900C4C909 /* Project object */;
}
